
Microsoft Visual Studio Solution File, Format Version 12.00
# Visual Studio 15
VisualStudioVersion = 15.0.27004.2008
MinimumVisualStudioVersion = 10.0.40219.1
Project("{FAE04EC0-301F-11D3-BF4B-00C04F79EFBC}") = "AtmoSfeer", "WindowsFormsApp1\AtmoSfeer.csproj", "{8B7C2540-9CB6-428C-BB0F-E6D6BFC0E0DD}"
EndProject
Global
	GlobalSection(SolutionConfigurationPlatforms) = preSolution
		Debug|Any CPU = Debug|Any CPU
		Release|Any CPU = Release|Any CPU
	EndGlobalSection
	GlobalSection(ProjectConfigurationPlatforms) = postSolution
		{8B7C2540-9CB6-428C-BB0F-E6D6BFC0E0DD}.Debug|Any CPU.ActiveCfg = Debug|Any CPU
		{8B7C2540-9CB6-428C-BB0F-E6D6BFC0E0DD}.Debug|Any CPU.Build.0 = Debug|Any CPU
		{8B7C2540-9CB6-428C-BB0F-E6D6BFC0E0DD}.Release|Any CPU.ActiveCfg = Release|Any CPU
		{8B7C2540-9CB6-428C-BB0F-E6D6BFC0E0DD}.Release|Any CPU.Build.0 = Release|Any CPU
	EndGlobalSection
	GlobalSection(SolutionProperties) = preSolution
		HideSolutionNode = FALSE
	EndGlobalSection
	GlobalSection(ExtensibilityGlobals) = postSolution
		SolutionGuid = {2509CB3F-6291-485F-8523-924FA1B22048}
	EndGlobalSection
EndGlobal
